{
  "lockfileVersion": 1,
  "workspaces": {
    "": {
      "name": "scoped-app",
      "dependencies": {
        "@babel/core": "^7.23.0",
      },
      "devDependencies": {
        "@types/node": "^22.10.2",
      },
    },
  },
  "packages": {
    "@babel/core": ["@babel/core@7.23.0", "", { "dependencies": { "@babel/types": "^7.23.0" } }, "sha512-aBcDeFgH1jKlMnOpQrStUvWxYz0123456789AbCdEfGhIjKlMnOpQrStUvWxYz01234=="],
    "@babel/types": ["@babel/types@7.23.0", "", {}, "sha512-ZyXwVuTsRqPoNmLkJiHgFeDcBa9876543210ZyXwVuTsRqPoNmLkJiHgFeDcBa98765=="],
    "@types/node": ["@types/node@22.10.2", "", { "dependencies": { "undici-types": "~6.20.0" } }, "sha512-1qWxYz0123456789AbCdEfGhIjKlMnOpQrStUvWxYz0123456789AbCdEfGhIjKlMn=="],
    "undici-types": ["undici-types@6.20.0", "", {}, "sha512-2rXyZ0123456789AbCdEfGhIjKlMnOpQrStUvWxYz0123456789AbCdEfGhIjKlMnOp=="],
  },
}
